# This file is autogenerated, do not edit; changes may be undone by the next 'dep ensure'.


[[projects]]
  branch = "master"
  name = "github.com/atotto/clipboard"
  packages = ["."]
  revision = "5e2c7bddca04488284428a201e4a15615f7a5074"

[solve-meta]
  analyzer-name = "dep"
  analyzer-version = 1
  inputs-digest = "c83e77889b4d067d541b203ce575eb20c56a313185703fdb68ea714599e2fd86"
  solver-name = "gps-cdcl"
  solver-version = 1
